Microsoft Visual Studio Solution File, Format Version 12.00
# Visual Studio Version 17
VisualStudioVersion = 17.5.2.0
MinimumVisualStudioVersion = 10.0.40219.1
Project("{2150E333-8FDC-42A3-9474-1A3956D46DE8}") = "Workers", "Workers", "{49667D45-FE13-4658-ABCF-863EC2F73922}"
EndProject
Project("{FAE04EC0-301F-11D3-BF4B-00C04F79EFBC}") = "pdf-gen-worker", "Workers\pdf-gen-worker\pdf-gen-worker.csproj", "{E2C156C2-38DC-4E4D-85F1-A6F67AB219BC}"
EndProject
Project("{FAE04EC0-301F-11D3-BF4B-00C04F79EFBC}") = "kendo-londrina", "src\kendo-londrina.csproj", "{EEBEA295-0987-4B63-B45F-8C0B9D47B430}"
EndProject
Project("{FAE04EC0-301F-11D3-BF4B-00C04F79EFBC}") = "ken-lon-back-tests", "Tests\ken-lon-back-tests.csproj", "{C29251C9-648D-4651-95BB-C7E157E26975}"
EndProject
Global
	GlobalSection(SolutionConfigurationPlatforms) = preSolution
		Debug|Any CPU = Debug|Any CPU
		Release|Any CPU = Release|Any CPU
	EndGlobalSection
	GlobalSection(ProjectConfigurationPlatforms) = postSolution
		{E2C156C2-38DC-4E4D-85F1-A6F67AB219BC}.Debug|Any CPU.ActiveCfg = Debug|Any CPU
		{E2C156C2-38DC-4E4D-85F1-A6F67AB219BC}.Debug|Any CPU.Build.0 = Debug|Any CPU
		{E2C156C2-38DC-4E4D-85F1-A6F67AB219BC}.Release|Any CPU.ActiveCfg = Release|Any CPU
		{E2C156C2-38DC-4E4D-85F1-A6F67AB219BC}.Release|Any CPU.Build.0 = Release|Any CPU
		{EEBEA295-0987-4B63-B45F-8C0B9D47B430}.Debug|Any CPU.ActiveCfg = Debug|Any CPU
		{EEBEA295-0987-4B63-B45F-8C0B9D47B430}.Debug|Any CPU.Build.0 = Debug|Any CPU
		{EEBEA295-0987-4B63-B45F-8C0B9D47B430}.Release|Any CPU.ActiveCfg = Release|Any CPU
		{EEBEA295-0987-4B63-B45F-8C0B9D47B430}.Release|Any CPU.Build.0 = Release|Any CPU
		{C29251C9-648D-4651-95BB-C7E157E26975}.Debug|Any CPU.ActiveCfg = Debug|Any CPU
		{C29251C9-648D-4651-95BB-C7E157E26975}.Debug|Any CPU.Build.0 = Debug|Any CPU
		{C29251C9-648D-4651-95BB-C7E157E26975}.Release|Any CPU.ActiveCfg = Release|Any CPU
		{C29251C9-648D-4651-95BB-C7E157E26975}.Release|Any CPU.Build.0 = Release|Any CPU
	EndGlobalSection
	GlobalSection(SolutionProperties) = preSolution
		HideSolutionNode = FALSE
	EndGlobalSection
	GlobalSection(ExtensibilityGlobals) = postSolution
		SolutionGuid = {3779F320-4F92-4E3C-AE43-1E182BE7230E}
	EndGlobalSection
	GlobalSection(NestedProjects) = preSolution
		{E2C156C2-38DC-4E4D-85F1-A6F67AB219BC} = {49667D45-FE13-4658-ABCF-863EC2F73922}
	EndGlobalSection
EndGlobal
