Microsoft Visual Studio Solution File, Format Version 12.00
# Visual Studio Version 17
VisualStudioVersion = 17.5.2.0
MinimumVisualStudioVersion = 10.0.40219.1
Project("{FAE04EC0-301F-11D3-BF4B-00C04F79EFBC}") = "kendo-londrina", "kendo-londrina.csproj", "{D598C1B4-A50C-BAF6-417D-E8AE1B490BEF}"
EndProject
Global
	GlobalSection(SolutionConfigurationPlatforms) = preSolution
		Debug|Any CPU = Debug|Any CPU
		Release|Any CPU = Release|Any CPU
	EndGlobalSection
	GlobalSection(ProjectConfigurationPlatforms) = postSolution
		{D598C1B4-A50C-BAF6-417D-E8AE1B490BEF}.Debug|Any CPU.ActiveCfg = Debug|Any CPU
		{D598C1B4-A50C-BAF6-417D-E8AE1B490BEF}.Debug|Any CPU.Build.0 = Debug|Any CPU
		{D598C1B4-A50C-BAF6-417D-E8AE1B490BEF}.Release|Any CPU.ActiveCfg = Release|Any CPU
		{D598C1B4-A50C-BAF6-417D-E8AE1B490BEF}.Release|Any CPU.Build.0 = Release|Any CPU
	EndGlobalSection
	GlobalSection(SolutionProperties) = preSolution
		HideSolutionNode = FALSE
	EndGlobalSection
	GlobalSection(ExtensibilityGlobals) = postSolution
		SolutionGuid = {3779F320-4F92-4E3C-AE43-1E182BE7230E}
	EndGlobalSection
EndGlobal
